
Microsoft Visual Studio Solution File, Format Version 12.00
# Visual Studio Version 17
VisualStudioVersion = 17.14.37012.4 d17.14
MinimumVisualStudioVersion = 10.0.40219.1
Project("{FAE04EC0-301F-11D3-BF4B-00C04F79EFBC}") = "MaiyaAeroBay", "MaiyaAeroBay\MaiyaAeroBay.csproj", "{C93ACD31-C397-4068-8841-332D0E32B362}"
EndProject
Global
	GlobalSection(SolutionConfigurationPlatforms) = preSolution
		Debug|Any CPU = Debug|Any CPU
		Release|Any CPU = Release|Any CPU
	EndGlobalSection
	GlobalSection(ProjectConfigurationPlatforms) = postSolution
		{C93ACD31-C397-4068-8841-332D0E32B362}.Debug|Any CPU.ActiveCfg = Debug|Any CPU
		{C93ACD31-C397-4068-8841-332D0E32B362}.Debug|Any CPU.Build.0 = Debug|Any CPU
		{C93ACD31-C397-4068-8841-332D0E32B362}.Release|Any CPU.ActiveCfg = Release|Any CPU
		{C93ACD31-C397-4068-8841-332D0E32B362}.Release|Any CPU.Build.0 = Release|Any CPU
	EndGlobalSection
	GlobalSection(SolutionProperties) = preSolution
		HideSolutionNode = FALSE
	EndGlobalSection
	GlobalSection(ExtensibilityGlobals) = postSolution
		SolutionGuid = {CE6DB1FA-16AF-4257-98C4-C44EEEEB51E5}
	EndGlobalSection
EndGlobal
